Microsoft Visual Studio Solution File, Format Version 11.00
# Visual Studio 2008

Project("{0C672E05-A002-E447-2A59-E1C551D1B2F7}") = "CouchSource", "Assembly-CSharp.csproj", "{F21B3ECF-D339-570A-96DB-3BC1A2F65FCA}"
EndProject
Global
	GlobalSection(SolutionConfigurationPlatforms) = preSolution
		Debug|Any CPU = Debug|Any CPU
		Release|Any CPU = Release|Any CPU
	EndGlobalSection
	GlobalSection(ProjectConfigurationPlatforms) = postSolution
		{F21B3ECF-D339-570A-96DB-3BC1A2F65FCA}.Debug|Any CPU.ActiveCfg = Debug|Any CPU
		{F21B3ECF-D339-570A-96DB-3BC1A2F65FCA}.Debug|Any CPU.Build.0 = Debug|Any CPU
		{F21B3ECF-D339-570A-96DB-3BC1A2F65FCA}.Release|Any CPU.ActiveCfg = Release|Any CPU
		{F21B3ECF-D339-570A-96DB-3BC1A2F65FCA}.Release|Any CPU.Build.0 = Release|Any CPU
	EndGlobalSection
	GlobalSection(SolutionProperties) = preSolution
		HideSolutionNode = FALSE
	EndGlobalSection
	GlobalSection(MonoDevelopProperties) = preSolution
		StartupItem = Assembly-CSharp.csproj
	EndGlobalSection
EndGlobal
